
Microsoft Visual Studio Solution File, Format Version 12.00
# Visual Studio 2013
VisualStudioVersion = 12.0.21005.1
MinimumVisualStudioVersion = 10.0.40219.1
Project("{FAE04EC0-301F-11D3-BF4B-00C04F79EFBC}") = "testSpell", "test2\testSpell.csproj", "{29583BEE-8BC2-4AC1-BC61-151966BD6BCF}"
EndProject
Project("{FAE04EC0-301F-11D3-BF4B-00C04F79EFBC}") = "UnitTest", "UnitTest\UnitTest.csproj", "{C8E4802D-B2FC-46DE-AC27-D722F2F02C61}"
EndProject
Project("{FAE04EC0-301F-11D3-BF4B-00C04F79EFBC}") = "librarySpell", "librarySpell\librarySpell.csproj", "{FAD151C5-574C-4D62-9DFA-23A2A3184EFA}"
EndProject
Global
	GlobalSection(SolutionConfigurationPlatforms) = preSolution
		Debug|Any CPU = Debug|Any CPU
		Release|Any CPU = Release|Any CPU
	EndGlobalSection
	GlobalSection(ProjectConfigurationPlatforms) = postSolution
		{29583BEE-8BC2-4AC1-BC61-151966BD6BCF}.Debug|Any CPU.ActiveCfg = Debug|Any CPU
		{29583BEE-8BC2-4AC1-BC61-151966BD6BCF}.Debug|Any CPU.Build.0 = Debug|Any CPU
		{29583BEE-8BC2-4AC1-BC61-151966BD6BCF}.Release|Any CPU.ActiveCfg = Release|Any CPU
		{29583BEE-8BC2-4AC1-BC61-151966BD6BCF}.Release|Any CPU.Build.0 = Release|Any CPU
		{C8E4802D-B2FC-46DE-AC27-D722F2F02C61}.Debug|Any CPU.ActiveCfg = Debug|Any CPU
		{C8E4802D-B2FC-46DE-AC27-D722F2F02C61}.Debug|Any CPU.Build.0 = Debug|Any CPU
		{C8E4802D-B2FC-46DE-AC27-D722F2F02C61}.Release|Any CPU.ActiveCfg = Release|Any CPU
		{C8E4802D-B2FC-46DE-AC27-D722F2F02C61}.Release|Any CPU.Build.0 = Release|Any CPU
		{FAD151C5-574C-4D62-9DFA-23A2A3184EFA}.Debug|Any CPU.ActiveCfg = Debug|Any CPU
		{FAD151C5-574C-4D62-9DFA-23A2A3184EFA}.Debug|Any CPU.Build.0 = Debug|Any CPU
		{FAD151C5-574C-4D62-9DFA-23A2A3184EFA}.Release|Any CPU.ActiveCfg = Release|Any CPU
		{FAD151C5-574C-4D62-9DFA-23A2A3184EFA}.Release|Any CPU.Build.0 = Release|Any CPU
	EndGlobalSection
	GlobalSection(SolutionProperties) = preSolution
		HideSolutionNode = FALSE
	EndGlobalSection
EndGlobal
